// !$*UTF8*$!
{
	archiveVersion = 1;
	classes = {
	};
	objectVersion = 56;
	objects = {

/* Begin PBXBuildFile section */
		650783612BCA943400D0F6EF /* DIC in Frameworks */ = {isa = PBXBuildFile; productRef = 650783602BCA943400D0F6EF /* DIC */; };
		650783672BCAA70200D0F6EF /* HTTIES in Frameworks */ = {isa = PBXBuildFile; productRef = 650783662BCAA70200D0F6EF /* HTTIES */; };
		6507836C2BCAC5EA00D0F6EF /* HTTIES in Frameworks */ = {isa = PBXBuildFile; productRef = 6507836B2BCAC5EA00D0F6EF /* HTTIES */; };
		652305CA2B53F37C00107A1E /* ViewState.swift in Sources */ = {isa = PBXBuildFile; fileRef = 652305C92B53F37C00107A1E /* ViewState.swift */; };
		652305D32B54065C00107A1E /* ServerAvailabilityManager.swift in Sources */ = {isa = PBXBuildFile; fileRef = 652305D22B54065C00107A1E /* ServerAvailabilityManager.swift */; };
		652305D72B54084000107A1E /* AppServerAvailabilityError.swift in Sources */ = {isa = PBXBuildFile; fileRef = 652305D62B54084000107A1E /* AppServerAvailabilityError.swift */; };
		652305E52B5421C300107A1E /* AppNetworkResponseError+LocalizedError.swift in Sources */ = {isa = PBXBuildFile; fileRef = 652305E42B5421C300107A1E /* AppNetworkResponseError+LocalizedError.swift */; };
		652305E72B5421EE00107A1E /* AppNetworkRequestError+LocalizedError.swift in Sources */ = {isa = PBXBuildFile; fileRef = 652305E62B5421EE00107A1E /* AppNetworkRequestError+LocalizedError.swift */; };
		652305EA2B5422C700107A1E /* Note+Protocols.swift in Sources */ = {isa = PBXBuildFile; fileRef = 652305E92B5422C700107A1E /* Note+Protocols.swift */; };
		654F922B2E3E16D500C3EF4D /* NoteList.swift in Sources */ = {isa = PBXBuildFile; fileRef = 654F922A2E3E16D300C3EF4D /* NoteList.swift */; };
		6555B2542B7F5FC000ED8A8C /* withStub.swift in Sources */ = {isa = PBXBuildFile; fileRef = 6555B2532B7F5FC000ED8A8C /* withStub.swift */; };
		6555B25B2B7FABFB00ED8A8C /* XCTestCase+App.swift in Sources */ = {isa = PBXBuildFile; fileRef = 6555B25A2B7FABFB00ED8A8C /* XCTestCase+App.swift */; };
		6555B25D2B7FCFEC00ED8A8C /* ViewStateHandler.swift in Sources */ = {isa = PBXBuildFile; fileRef = 6555B25C2B7FCFEC00ED8A8C /* ViewStateHandler.swift */; };
		6555B2612B7FD0D600ED8A8C /* Initiable.swift in Sources */ = {isa = PBXBuildFile; fileRef = 6555B2602B7FD0D600ED8A8C /* Initiable.swift */; };
		6555B2632B7FD0E800ED8A8C /* EmptyProtocol.swift in Sources */ = {isa = PBXBuildFile; fileRef = 6555B2622B7FD0E800ED8A8C /* EmptyProtocol.swift */; };
		656EBD452B48A18500043A1A /* DictionaryRepresentable.swift in Sources */ = {isa = PBXBuildFile; fileRef = 656EBD442B48A18500043A1A /* DictionaryRepresentable.swift */; };
		6578B3962AD4840D0004F2F4 /* MVArchitectureDemoApp.swift in Sources */ = {isa = PBXBuildFile; fileRef = 6578B3952AD4840D0004F2F4 /* MVArchitectureDemoApp.swift */; };
		6578B3982AD4840D0004F2F4 /* NotesScreenView.swift in Sources */ = {isa = PBXBuildFile; fileRef = 6578B3972AD4840D0004F2F4 /* NotesScreenView.swift */; };
		6578B39A2AD4840E0004F2F4 /* Assets.xcassets in Resources */ = {isa = PBXBuildFile; fileRef = 6578B3992AD4840E0004F2F4 /* Assets.xcassets */; };
		6578B39E2AD4840E0004F2F4 /* Preview Assets.xcassets in Resources */ = {isa = PBXBuildFile; fileRef = 6578B39D2AD4840E0004F2F4 /* Preview Assets.xcassets */; };
		6578B3A82AD4840E0004F2F4 /* NoteTests.swift in Sources */ = {isa = PBXBuildFile; fileRef = 6578B3A72AD4840E0004F2F4 /* NoteTests.swift */; };
		6578B3B22AD4840E0004F2F4 /* MVArchitectureDemoUITests.swift in Sources */ = {isa = PBXBuildFile; fileRef = 6578B3B12AD4840E0004F2F4 /* MVArchitectureDemoUITests.swift */; };
		6578B3B42AD4840E0004F2F4 /* MVArchitectureDemoUITestsLaunchTests.swift in Sources */ = {isa = PBXBuildFile; fileRef = 6578B3B32AD4840E0004F2F4 /* MVArchitectureDemoUITestsLaunchTests.swift */; };
		6578B3C12AD4876D0004F2F4 /* ServerEnvironment.swift in Sources */ = {isa = PBXBuildFile; fileRef = 6578B3C02AD4876D0004F2F4 /* ServerEnvironment.swift */; };
		6578B3CA2AD48A050004F2F4 /* Note.swift in Sources */ = {isa = PBXBuildFile; fileRef = 6578B3C92AD48A050004F2F4 /* Note.swift */; };
		6578B3D02AD49D180004F2F4 /* NotesListView.swift in Sources */ = {isa = PBXBuildFile; fileRef = 6578B3CF2AD49D180004F2F4 /* NotesListView.swift */; };
		6586B96C2BE6892B009AAC5E /* WMUTE in Frameworks */ = {isa = PBXBuildFile; productRef = 6586B96B2BE6892B009AAC5E /* WMUTE */; };
		6586B96F2BE6A8CB009AAC5E /* WMUTE in Frameworks */ = {isa = PBXBuildFile; productRef = 6586B96E2BE6A8CB009AAC5E /* WMUTE */; };
		65A4DD4C2E3CD6E200554EB4 /* HTTPURLResponse+Extension.swift in Sources */ = {isa = PBXBuildFile; fileRef = 65A4DD4A2E3CD6E200554EB4 /* HTTPURLResponse+Extension.swift */; };
		65A4DD4D2E3CD6E200554EB4 /* RequestLoggerHTTPInterceptor.swift in Sources */ = {isa = PBXBuildFile; fileRef = 65A4DD482E3CD6E200554EB4 /* RequestLoggerHTTPInterceptor.swift */; };
		65A4DD4E2E3CD6E200554EB4 /* DebugConfig.swift in Sources */ = {isa = PBXBuildFile; fileRef = 65A4DD462E3CD6E200554EB4 /* DebugConfig.swift */; };
		65A4DD4F2E3CD6E200554EB4 /* MockHTTPClient.swift in Sources */ = {isa = PBXBuildFile; fileRef = 65A4DD4B2E3CD6E200554EB4 /* MockHTTPClient.swift */; };
		65A4DD502E3CD6E200554EB4 /* NetworkDelayHTTPInterceptor.swift in Sources */ = {isa = PBXBuildFile; fileRef = 65A4DD472E3CD6E200554EB4 /* NetworkDelayHTTPInterceptor.swift */; };
		65A4DD5D2E3CE4D800554EB4 /* DI.swift in Sources */ = {isa = PBXBuildFile; fileRef = 65A4DD5C2E3CE4A500554EB4 /* DI.swift */; };
		65A4DD612E3CE7EE00554EB4 /* RegisterDependenciesTrait.swift in Sources */ = {isa = PBXBuildFile; fileRef = 65A4DD602E3CE7EA00554EB4 /* RegisterDependenciesTrait.swift */; };
		65AC83D42AD59B0B0045F183 /* Logger+Utils.swift in Sources */ = {isa = PBXBuildFile; fileRef = 65AC83D32AD59B0B0045F183 /* Logger+Utils.swift */; };
		65F124892BE685640010E3FF /* note_update_content_name_failure_404.json in Resources */ = {isa = PBXBuildFile; fileRef = 65F1247F2BE685640010E3FF /* note_update_content_name_failure_404.json */; };
		65F1248A2BE685640010E3FF /* notes_failure_500.json in Resources */ = {isa = PBXBuildFile; fileRef = 65F124802BE685640010E3FF /* notes_failure_500.json */; };
		65F1248B2BE685640010E3FF /* note_update_content_name_success.json in Resources */ = {isa = PBXBuildFile; fileRef = 65F124822BE685640010E3FF /* note_update_content_name_success.json */; };
		65F1248C2BE685640010E3FF /* note_update_content_success.json in Resources */ = {isa = PBXBuildFile; fileRef = 65F124832BE685640010E3FF /* note_update_content_success.json */; };
		65F1248D2BE685640010E3FF /* note_update_name_success.json in Resources */ = {isa = PBXBuildFile; fileRef = 65F124842BE685640010E3FF /* note_update_name_success.json */; };
		65F1248E2BE685640010E3FF /* notes_success.json in Resources */ = {isa = PBXBuildFile; fileRef = 65F124852BE685640010E3FF /* notes_success.json */; };
/* End PBXBuildFile section */

/* Begin PBXContainerItemProxy section */
		6578B3A42AD4840E0004F2F4 /* PBXContainerItemProxy */ = {
			isa = PBXContainerItemProxy;
			containerPortal = 6578B38A2AD4840D0004F2F4 /* Project object */;
			proxyType = 1;
			remoteGlobalIDString = 6578B3912AD4840D0004F2F4;
			remoteInfo = MVArchitectureDemo;
		};
		6578B3AE2AD4840E0004F2F4 /* PBXContainerItemProxy */ = {
			isa = PBXContainerItemProxy;
			containerPortal = 6578B38A2AD4840D0004F2F4 /* Project object */;
			proxyType = 1;
			remoteGlobalIDString = 6578B3912AD4840D0004F2F4;
			remoteInfo = MVArchitectureDemo;
		};
/* End PBXContainerItemProxy section */

/* Begin PBXFileReference section */
		652305C92B53F37C00107A1E /* ViewState.swift */ = {isa = PBXFileReference; lastKnownFileType = sourcecode.swift; path = ViewState.swift; sourceTree = "<group>"; };
		652305CC2B53FB7C00107A1E /* Config.xcconfig */ = {isa = PBXFileReference; lastKnownFileType = text.xcconfig; path = Config.xcconfig; sourceTree = "<group>"; };
		652305CE2B53FBEA00107A1E /* Config.xcconfig.example.xcconfig */ = {isa = PBXFileReference; lastKnownFileType = text.xcconfig; path = Config.xcconfig.example.xcconfig; sourceTree = "<group>"; };
		652305D22B54065C00107A1E /* ServerAvailabilityManager.swift */ = {isa = PBXFileReference; lastKnownFileType = sourcecode.swift; path = ServerAvailabilityManager.swift; sourceTree = "<group>"; };
		652305D62B54084000107A1E /* AppServerAvailabilityError.swift */ = {isa = PBXFileReference; lastKnownFileType = sourcecode.swift; path = AppServerAvailabilityError.swift; sourceTree = "<group>"; };
		652305E42B5421C300107A1E /* AppNetworkResponseError+LocalizedError.swift */ = {isa = PBXFileReference; lastKnownFileType = sourcecode.swift; path = "AppNetworkResponseError+LocalizedError.swift"; sourceTree = "<group>"; };
		652305E62B5421EE00107A1E /* AppNetworkRequestError+LocalizedError.swift */ = {isa = PBXFileReference; lastKnownFileType = sourcecode.swift; path = "AppNetworkRequestError+LocalizedError.swift"; sourceTree = "<group>"; };
		652305E92B5422C700107A1E /* Note+Protocols.swift */ = {isa = PBXFileReference; lastKnownFileType = sourcecode.swift; path = "Note+Protocols.swift"; sourceTree = "<group>"; };
		654F922A2E3E16D300C3EF4D /* NoteList.swift */ = {isa = PBXFileReference; lastKnownFileType = sourcecode.swift; path = NoteList.swift; sourceTree = "<group>"; };
		6555B2532B7F5FC000ED8A8C /* withStub.swift */ = {isa = PBXFileReference; lastKnownFileType = sourcecode.swift; path = withStub.swift; sourceTree = "<group>"; };
		6555B2562B7FA0B700ED8A8C /* MVArchitectureDemoUI.xctestplan */ = {isa = PBXFileReference; lastKnownFileType = text; path = MVArchitectureDemoUI.xctestplan; sourceTree = "<group>"; };
		6555B25A2B7FABFB00ED8A8C /* XCTestCase+App.swift */ = {isa = PBXFileReference; lastKnownFileType = sourcecode.swift; path = "XCTestCase+App.swift"; sourceTree = "<group>"; };
		6555B25C2B7FCFEC00ED8A8C /* ViewStateHandler.swift */ = {isa = PBXFileReference; lastKnownFileType = sourcecode.swift; path = ViewStateHandler.swift; sourceTree = "<group>"; };
		6555B2602B7FD0D600ED8A8C /* Initiable.swift */ = {isa = PBXFileReference; lastKnownFileType = sourcecode.swift; path = Initiable.swift; sourceTree = "<group>"; };
		6555B2622B7FD0E800ED8A8C /* EmptyProtocol.swift */ = {isa = PBXFileReference; lastKnownFileType = sourcecode.swift; path = EmptyProtocol.swift; sourceTree = "<group>"; };
		656EBD442B48A18500043A1A /* DictionaryRepresentable.swift */ = {isa = PBXFileReference; lastKnownFileType = sourcecode.swift; path = DictionaryRepresentable.swift; sourceTree = "<group>"; };
		6578B3922AD4840D0004F2F4 /* MVArchitectureDemo.app */ = {isa = PBXFileReference; explicitFileType = wrapper.application; includeInIndex = 0; path = MVArchitectureDemo.app; sourceTree = BUILT_PRODUCTS_DIR; };
		6578B3952AD4840D0004F2F4 /* MVArchitectureDemoApp.swift */ = {isa = PBXFileReference; lastKnownFileType = sourcecode.swift; path = MVArchitectureDemoApp.swift; sourceTree = "<group>"; };
		6578B3972AD4840D0004F2F4 /* NotesScreenView.swift */ = {isa = PBXFileReference; lastKnownFileType = sourcecode.swift; path = NotesScreenView.swift; sourceTree = "<group>"; };
		6578B3992AD4840E0004F2F4 /* Assets.xcassets */ = {isa = PBXFileReference; lastKnownFileType = folder.assetcatalog; path = Assets.xcassets; sourceTree = "<group>"; };
		6578B39B2AD4840E0004F2F4 /* MVArchitectureDemo.entitlements */ = {isa = PBXFileReference; lastKnownFileType = text.plist.entitlements; path = MVArchitectureDemo.entitlements; sourceTree = "<group>"; };
		6578B39D2AD4840E0004F2F4 /* Preview Assets.xcassets */ = {isa = PBXFileReference; lastKnownFileType = folder.assetcatalog; path = "Preview Assets.xcassets"; sourceTree = "<group>"; };
		6578B3A32AD4840E0004F2F4 /* MVArchitectureDemoTests.xctest */ = {isa = PBXFileReference; explicitFileType = wrapper.cfbundle; includeInIndex = 0; path = MVArchitectureDemoTests.xctest; sourceTree = BUILT_PRODUCTS_DIR; };
		6578B3A72AD4840E0004F2F4 /* NoteTests.swift */ = {isa = PBXFileReference; lastKnownFileType = sourcecode.swift; path = NoteTests.swift; sourceTree = "<group>"; };
		6578B3AD2AD4840E0004F2F4 /* MVArchitectureDemoUITests.xctest */ = {isa = PBXFileReference; explicitFileType = wrapper.cfbundle; includeInIndex = 0; path = MVArchitectureDemoUITests.xctest; sourceTree = BUILT_PRODUCTS_DIR; };
		6578B3B12AD4840E0004F2F4 /* MVArchitectureDemoUITests.swift */ = {isa = PBXFileReference; lastKnownFileType = sourcecode.swift; path = MVArchitectureDemoUITests.swift; sourceTree = "<group>"; };
		6578B3B32AD4840E0004F2F4 /* MVArchitectureDemoUITestsLaunchTests.swift */ = {isa = PBXFileReference; lastKnownFileType = sourcecode.swift; path = MVArchitectureDemoUITestsLaunchTests.swift; sourceTree = "<group>"; };
		6578B3C02AD4876D0004F2F4 /* ServerEnvironment.swift */ = {isa = PBXFileReference; lastKnownFileType = sourcecode.swift; path = ServerEnvironment.swift; sourceTree = "<group>"; };
		6578B3C92AD48A050004F2F4 /* Note.swift */ = {isa = PBXFileReference; lastKnownFileType = sourcecode.swift; path = Note.swift; sourceTree = "<group>"; };
		6578B3CF2AD49D180004F2F4 /* NotesListView.swift */ = {isa = PBXFileReference; lastKnownFileType = sourcecode.swift; path = NotesListView.swift; sourceTree = "<group>"; };
		65A4DD462E3CD6E200554EB4 /* DebugConfig.swift */ = {isa = PBXFileReference; lastKnownFileType = sourcecode.swift; path = DebugConfig.swift; sourceTree = "<group>"; };
		65A4DD472E3CD6E200554EB4 /* NetworkDelayHTTPInterceptor.swift */ = {isa = PBXFileReference; lastKnownFileType = sourcecode.swift; path = NetworkDelayHTTPInterceptor.swift; sourceTree = "<group>"; };
		65A4DD482E3CD6E200554EB4 /* RequestLoggerHTTPInterceptor.swift */ = {isa = PBXFileReference; lastKnownFileType = sourcecode.swift; path = RequestLoggerHTTPInterceptor.swift; sourceTree = "<group>"; };
		65A4DD4A2E3CD6E200554EB4 /* HTTPURLResponse+Extension.swift */ = {isa = PBXFileReference; lastKnownFileType = sourcecode.swift; path = "HTTPURLResponse+Extension.swift"; sourceTree = "<group>"; };
		65A4DD4B2E3CD6E200554EB4 /* MockHTTPClient.swift */ = {isa = PBXFileReference; lastKnownFileType = sourcecode.swift; path = MockHTTPClient.swift; sourceTree = "<group>"; };
		65A4DD5C2E3CE4A500554EB4 /* DI.swift */ = {isa = PBXFileReference; lastKnownFileType = sourcecode.swift; path = DI.swift; sourceTree = "<group>"; };
		65A4DD602E3CE7EA00554EB4 /* RegisterDependenciesTrait.swift */ = {isa = PBXFileReference; lastKnownFileType = sourcecode.swift; path = RegisterDependenciesTrait.swift; sourceTree = "<group>"; };
		65AC83C62AD5388E0045F183 /* MVArchitectureDemo.xctestplan */ = {isa = PBXFileReference; lastKnownFileType = text; path = MVArchitectureDemo.xctestplan; sourceTree = "<group>"; };
		65AC83D32AD59B0B0045F183 /* Logger+Utils.swift */ = {isa = PBXFileReference; lastKnownFileType = sourcecode.swift; path = "Logger+Utils.swift"; sourceTree = "<group>"; };
		65F1247F2BE685640010E3FF /* note_update_content_name_failure_404.json */ = {isa = PBXFileReference; fileEncoding = 4; lastKnownFileType = text.json; path = note_update_content_name_failure_404.json; sourceTree = "<group>"; };
		65F124802BE685640010E3FF /* notes_failure_500.json */ = {isa = PBXFileReference; fileEncoding = 4; lastKnownFileType = text.json; path = notes_failure_500.json; sourceTree = "<group>"; };
		65F124822BE685640010E3FF /* note_update_content_name_success.json */ = {isa = PBXFileReference; fileEncoding = 4; lastKnownFileType = text.json; path = note_update_content_name_success.json; sourceTree = "<group>"; };
		65F124832BE685640010E3FF /* note_update_content_success.json */ = {isa = PBXFileReference; fileEncoding = 4; lastKnownFileType = text.json; path = note_update_content_success.json; sourceTree = "<group>"; };
		65F124842BE685640010E3FF /* note_update_name_success.json */ = {isa = PBXFileReference; fileEncoding = 4; lastKnownFileType = text.json; path = note_update_name_success.json; sourceTree = "<group>"; };
		65F124852BE685640010E3FF /* notes_success.json */ = {isa = PBXFileReference; fileEncoding = 4; lastKnownFileType = text.json; path = notes_success.json; sourceTree = "<group>"; };
		65F124902BE685930010E3FF /* note_update_content.json */ = {isa = PBXFileReference; lastKnownFileType = text.json; path = note_update_content.json; sourceTree = "<group>"; };
		65F124912BE685930010E3FF /* note_update_name.json */ = {isa = PBXFileReference; lastKnownFileType = text.json; path = note_update_name.json; sourceTree = "<group>"; };
		65F124922BE685930010E3FF /* note_update_patch.json */ = {isa = PBXFileReference; lastKnownFileType = text.json; path = note_update_patch.json; sourceTree = "<group>"; };
		65F124932BE685930010E3FF /* notes.json */ = {isa = PBXFileReference; lastKnownFileType = text.json; path = notes.json; sourceTree = "<group>"; };
		65F124952BE685930010E3FF /* isAvailable.json */ = {isa = PBXFileReference; lastKnownFileType = text.json; path = isAvailable.json; sourceTree = "<group>"; };
		65F124982BE685930010E3FF /* isAvailable_success.json */ = {isa = PBXFileReference; lastKnownFileType = text.json; path = isAvailable_success.json; sourceTree = "<group>"; };
/* End PBXFileReference section */

/* Begin PBXFrameworksBuildPhase section */
		6578B38F2AD4840D0004F2F4 /* Frameworks */ = {
			isa = PBXFrameworksBuildPhase;
			buildActionMask = 2147483647;
			files = (
				6507836C2BCAC5EA00D0F6EF /* HTTIES in Frameworks */,
				650783612BCA943400D0F6EF /* DIC in Frameworks */,
				650783672BCAA70200D0F6EF /* HTTIES in Frameworks */,
			);
			runOnlyForDeploymentPostprocessing = 0;
		};
		6578B3A02AD4840E0004F2F4 /* Frameworks */ = {
			isa = PBXFrameworksBuildPhase;
			buildActionMask = 2147483647;
			files = (
				6586B96C2BE6892B009AAC5E /* WMUTE in Frameworks */,
				6586B96F2BE6A8CB009AAC5E /* WMUTE in Frameworks */,
			);
			runOnlyForDeploymentPostprocessing = 0;
		};
		6578B3AA2AD4840E0004F2F4 /* Frameworks */ = {
			isa = PBXFrameworksBuildPhase;
			buildActionMask = 2147483647;
			files = (
			);
			runOnlyForDeploymentPostprocessing = 0;
		};
/* End PBXFrameworksBuildPhase section */

/* Begin PBXGroup section */
		651A39F02B7EB530001B3AB9 /* utils */ = {
			isa = PBXGroup;
			children = (
				65A4DD602E3CE7EA00554EB4 /* RegisterDependenciesTrait.swift */,
				6555B2532B7F5FC000ED8A8C /* withStub.swift */,
			);
			path = utils;
			sourceTree = "<group>";
		};
		652305C12B53E9FE00107A1E /* debug_only */ = {
			isa = PBXGroup;
			children = (
				65A4DD462E3CD6E200554EB4 /* DebugConfig.swift */,
				65A4DD492E3CD6E200554EB4 /* httpInterceptors */,
				65A4DD4A2E3CD6E200554EB4 /* HTTPURLResponse+Extension.swift */,
				65A4DD4B2E3CD6E200554EB4 /* MockHTTPClient.swift */,
			);
			path = debug_only;
			sourceTree = "<group>";
		};
		652305C42B53F10F00107A1E /* modifiers */ = {
			isa = PBXGroup;
			children = (
			);
			path = modifiers;
			sourceTree = "<group>";
		};
		652305CB2B53F38000107A1E /* utils */ = {
			isa = PBXGroup;
			children = (
				6555B25F2B7FD0C200ED8A8C /* protocols */,
				652305C92B53F37C00107A1E /* ViewState.swift */,
			);
			path = utils;
			sourceTree = "<group>";
		};
		652305D02B53FDA500107A1E /* Tests */ = {
			isa = PBXGroup;
			children = (
				6555B2572B7FA0C600ED8A8C /* Unit Tests */,
				6555B2582B7FA0D100ED8A8C /* UI Tests */,
			);
			name = Tests;
			sourceTree = "<group>";
		};
		652305D12B53FE6600107A1E /* Project Config */ = {
			isa = PBXGroup;
			children = (
				652305CE2B53FBEA00107A1E /* Config.xcconfig.example.xcconfig */,
				652305CC2B53FB7C00107A1E /* Config.xcconfig */,
			);
			name = "Project Config";
			sourceTree = "<group>";
		};
		652305DF2B541F2200107A1E /* screens */ = {
			isa = PBXGroup;
			children = (
				65AC83D22AD588B80045F183 /* Notes */,
			);
			path = screens;
			sourceTree = "<group>";
		};
		652305E32B5421AF00107A1E /* errors */ = {
			isa = PBXGroup;
			children = (
				652305D62B54084000107A1E /* AppServerAvailabilityError.swift */,
				652305E42B5421C300107A1E /* AppNetworkResponseError+LocalizedError.swift */,
				652305E62B5421EE00107A1E /* AppNetworkRequestError+LocalizedError.swift */,
			);
			path = errors;
			sourceTree = "<group>";
		};
		652305E82B54222400107A1E /* network */ = {
			isa = PBXGroup;
			children = (
				652305E32B5421AF00107A1E /* errors */,
				6578B3C02AD4876D0004F2F4 /* ServerEnvironment.swift */,
				652305D22B54065C00107A1E /* ServerAvailabilityManager.swift */,
			);
			path = network;
			sourceTree = "<group>";
		};
		6555B2572B7FA0C600ED8A8C /* Unit Tests */ = {
			isa = PBXGroup;
			children = (
				65AC83C62AD5388E0045F183 /* MVArchitectureDemo.xctestplan */,
				65F1246E2BE6852D0010E3FF /* Mock Server Stubs */,
				6578B3A62AD4840E0004F2F4 /* MVArchitectureDemoTests */,
			);
			name = "Unit Tests";
			sourceTree = "<group>";
		};
		6555B2582B7FA0D100ED8A8C /* UI Tests */ = {
			isa = PBXGroup;
			children = (
				6555B2562B7FA0B700ED8A8C /* MVArchitectureDemoUI.xctestplan */,
				6578B3B02AD4840E0004F2F4 /* MVArchitectureDemoUITests */,
			);
			name = "UI Tests";
			sourceTree = "<group>";
		};
		6555B2592B7FABDA00ED8A8C /* utils */ = {
			isa = PBXGroup;
			children = (
				6555B25A2B7FABFB00ED8A8C /* XCTestCase+App.swift */,
			);
			path = utils;
			sourceTree = "<group>";
		};
		6555B25F2B7FD0C200ED8A8C /* protocols */ = {
			isa = PBXGroup;
			children = (
				6555B2602B7FD0D600ED8A8C /* Initiable.swift */,
				6555B2622B7FD0E800ED8A8C /* EmptyProtocol.swift */,
			);
			path = protocols;
			sourceTree = "<group>";
		};
		6578B3892AD4840D0004F2F4 = {
			isa = PBXGroup;
			children = (
				65F1248F2BE6857E0010E3FF /* Mock Server Mappings */,
				652305D12B53FE6600107A1E /* Project Config */,
				6578B3942AD4840D0004F2F4 /* MVArchitectureDemo */,
				652305D02B53FDA500107A1E /* Tests */,
				6578B3932AD4840D0004F2F4 /* Products */,
			);
			sourceTree = "<group>";
		};
		6578B3932AD4840D0004F2F4 /* Products */ = {
			isa = PBXGroup;
			children = (
				6578B3922AD4840D0004F2F4 /* MVArchitectureDemo.app */,
				6578B3A32AD4840E0004F2F4 /* MVArchitectureDemoTests.xctest */,
				6578B3AD2AD4840E0004F2F4 /* MVArchitectureDemoUITests.xctest */,
			);
			name = Products;
			sourceTree = "<group>";
		};
		6578B3942AD4840D0004F2F4 /* MVArchitectureDemo */ = {
			isa = PBXGroup;
			children = (
				6578B3C32AD489AF0004F2F4 /* models */,
				6578B3C22AD489A80004F2F4 /* views */,
				65A4DD5C2E3CE4A500554EB4 /* DI.swift */,
				6578B3952AD4840D0004F2F4 /* MVArchitectureDemoApp.swift */,
				6578B3992AD4840E0004F2F4 /* Assets.xcassets */,
				6578B39B2AD4840E0004F2F4 /* MVArchitectureDemo.entitlements */,
				6578B39C2AD4840E0004F2F4 /* Preview Content */,
			);
			path = MVArchitectureDemo;
			sourceTree = "<group>";
		};
		6578B39C2AD4840E0004F2F4 /* Preview Content */ = {
			isa = PBXGroup;
			children = (
				6578B39D2AD4840E0004F2F4 /* Preview Assets.xcassets */,
			);
			path = "Preview Content";
			sourceTree = "<group>";
		};
		6578B3A62AD4840E0004F2F4 /* MVArchitectureDemoTests */ = {
			isa = PBXGroup;
			children = (
				651A39F02B7EB530001B3AB9 /* utils */,
				6578B3A72AD4840E0004F2F4 /* NoteTests.swift */,
			);
			path = MVArchitectureDemoTests;
			sourceTree = "<group>";
		};
		6578B3B02AD4840E0004F2F4 /* MVArchitectureDemoUITests */ = {
			isa = PBXGroup;
			children = (
				6555B2592B7FABDA00ED8A8C /* utils */,
				6578B3B12AD4840E0004F2F4 /* MVArchitectureDemoUITests.swift */,
				6578B3B32AD4840E0004F2F4 /* MVArchitectureDemoUITestsLaunchTests.swift */,
			);
			path = MVArchitectureDemoUITests;
			sourceTree = "<group>";
		};
		6578B3C22AD489A80004F2F4 /* views */ = {
			isa = PBXGroup;
			children = (
				652305CB2B53F38000107A1E /* utils */,
				65AC83CD2AD554FB0045F183 /* components */,
				652305DF2B541F2200107A1E /* screens */,
			);
			path = views;
			sourceTree = "<group>";
		};
		6578B3C32AD489AF0004F2F4 /* models */ = {
			isa = PBXGroup;
			children = (
				6578B3C42AD489B70004F2F4 /* utils */,
				65A71E352B0BB3E600A47D8A /* Note */,
			);
			path = models;
			sourceTree = "<group>";
		};
		6578B3C42AD489B70004F2F4 /* utils */ = {
			isa = PBXGroup;
			children = (
				652305C12B53E9FE00107A1E /* debug_only */,
				652305E82B54222400107A1E /* network */,
				65A71E392B0BB4E000A47D8A /* extensions */,
				656EBD442B48A18500043A1A /* DictionaryRepresentable.swift */,
			);
			path = utils;
			sourceTree = "<group>";
		};
		65A4DD492E3CD6E200554EB4 /* httpInterceptors */ = {
			isa = PBXGroup;
			children = (
				65A4DD472E3CD6E200554EB4 /* NetworkDelayHTTPInterceptor.swift */,
				65A4DD482E3CD6E200554EB4 /* RequestLoggerHTTPInterceptor.swift */,
			);
			path = httpInterceptors;
			sourceTree = "<group>";
		};
		65A71E352B0BB3E600A47D8A /* Note */ = {
			isa = PBXGroup;
			children = (
				654F922A2E3E16D300C3EF4D /* NoteList.swift */,
				6578B3C92AD48A050004F2F4 /* Note.swift */,
				652305E92B5422C700107A1E /* Note+Protocols.swift */,
			);
			path = Note;
			sourceTree = "<group>";
		};
		65A71E392B0BB4E000A47D8A /* extensions */ = {
			isa = PBXGroup;
			children = (
				65AC83D32AD59B0B0045F183 /* Logger+Utils.swift */,
			);
			path = extensions;
			sourceTree = "<group>";
		};
		65AC83CD2AD554FB0045F183 /* components */ = {
			isa = PBXGroup;
			children = (
				652305C42B53F10F00107A1E /* modifiers */,
				6555B25C2B7FCFEC00ED8A8C /* ViewStateHandler.swift */,
			);
			path = components;
			sourceTree = "<group>";
		};
		65AC83D22AD588B80045F183 /* Notes */ = {
			isa = PBXGroup;
			children = (
				6578B3972AD4840D0004F2F4 /* NotesScreenView.swift */,
				6578B3CF2AD49D180004F2F4 /* NotesListView.swift */,
			);
			path = Notes;
			sourceTree = "<group>";
		};
		65F1246E2BE6852D0010E3FF /* Mock Server Stubs */ = {
			isa = PBXGroup;
			children = (
				65F124882BE685640010E3FF /* unit-test */,
			);
			name = "Mock Server Stubs";
			sourceTree = "<group>";
		};
		65F124812BE685640010E3FF /* failure */ = {
			isa = PBXGroup;
			children = (
				65F1247F2BE685640010E3FF /* note_update_content_name_failure_404.json */,
				65F124802BE685640010E3FF /* notes_failure_500.json */,
			);
			path = failure;
			sourceTree = "<group>";
		};
		65F124862BE685640010E3FF /* success */ = {
			isa = PBXGroup;
			children = (
				65F124822BE685640010E3FF /* note_update_content_name_success.json */,
				65F124832BE685640010E3FF /* note_update_content_success.json */,
				65F124842BE685640010E3FF /* note_update_name_success.json */,
				65F124852BE685640010E3FF /* notes_success.json */,
			);
			path = success;
			sourceTree = "<group>";
		};
		65F124872BE685640010E3FF /* notes */ = {
			isa = PBXGroup;
			children = (
				65F124812BE685640010E3FF /* failure */,
				65F124862BE685640010E3FF /* success */,
			);
			path = notes;
			sourceTree = "<group>";
		};
		65F124882BE685640010E3FF /* unit-test */ = {
			isa = PBXGroup;
			children = (
				65F124872BE685640010E3FF /* notes */,
			);
			name = "unit-test";
			path = "mock-server/stubs/unit-test";
			sourceTree = "<group>";
		};
		65F1248F2BE6857E0010E3FF /* Mock Server Mappings */ = {
			isa = PBXGroup;
			children = (
				65F124972BE685930010E3FF /* app */,
				65F1249A2BE685930010E3FF /* unit-tests */,
			);
			name = "Mock Server Mappings";
			sourceTree = "<group>";
		};
		65F124942BE685930010E3FF /* notes */ = {
			isa = PBXGroup;
			children = (
				65F124902BE685930010E3FF /* note_update_content.json */,
				65F124912BE685930010E3FF /* note_update_name.json */,
				65F124922BE685930010E3FF /* note_update_patch.json */,
				65F124932BE685930010E3FF /* notes.json */,
			);
			path = notes;
			sourceTree = "<group>";
		};
		65F124962BE685930010E3FF /* mappings */ = {
			isa = PBXGroup;
			children = (
				65F124942BE685930010E3FF /* notes */,
				65F124952BE685930010E3FF /* isAvailable.json */,
			);
			path = mappings;
			sourceTree = "<group>";
		};
		65F124972BE685930010E3FF /* app */ = {
			isa = PBXGroup;
			children = (
				65F124962BE685930010E3FF /* mappings */,
			);
			name = app;
			path = "mock-server/mappings/app";
			sourceTree = "<group>";
		};
		65F124992BE685930010E3FF /* mappings */ = {
			isa = PBXGroup;
			children = (
				65F124982BE685930010E3FF /* isAvailable_success.json */,
			);
			path = mappings;
			sourceTree = "<group>";
		};
		65F1249A2BE685930010E3FF /* unit-tests */ = {
			isa = PBXGroup;
			children = (
				65F124992BE685930010E3FF /* mappings */,
			);
			name = "unit-tests";
			path = "mock-server/mappings/unit-tests";
			sourceTree = "<group>";
		};
/* End PBXGroup section */

/* Begin PBXNativeTarget section */
		6578B3912AD4840D0004F2F4 /* MVArchitectureDemo */ = {
			isa = PBXNativeTarget;
			buildConfigurationList = 6578B3B72AD4840E0004F2F4 /* Build configuration list for PBXNativeTarget "MVArchitectureDemo" */;
			buildPhases = (
				6578B38E2AD4840D0004F2F4 /* Sources */,
				6578B38F2AD4840D0004F2F4 /* Frameworks */,
				6578B3902AD4840D0004F2F4 /* Resources */,
			);
			buildRules = (
			);
			dependencies = (
			);
			name = MVArchitectureDemo;
			packageProductDependencies = (
				650783602BCA943400D0F6EF /* DIC */,
				650783662BCAA70200D0F6EF /* HTTIES */,
				6507836B2BCAC5EA00D0F6EF /* HTTIES */,
			);
			productName = MVArchitectureDemo;
			productReference = 6578B3922AD4840D0004F2F4 /* MVArchitectureDemo.app */;
			productType = "com.apple.product-type.application";
		};
		6578B3A22AD4840E0004F2F4 /* MVArchitectureDemoTests */ = {
			isa = PBXNativeTarget;
			buildConfigurationList = 6578B3BA2AD4840E0004F2F4 /* Build configuration list for PBXNativeTarget "MVArchitectureDemoTests" */;
			buildPhases = (
				6578B39F2AD4840E0004F2F4 /* Sources */,
				6578B3A02AD4840E0004F2F4 /* Frameworks */,
				6578B3A12AD4840E0004F2F4 /* Resources */,
			);
			buildRules = (
			);
			dependencies = (
				6578B3A52AD4840E0004F2F4 /* PBXTargetDependency */,
			);
			name = MVArchitectureDemoTests;
			packageProductDependencies = (
				6586B96B2BE6892B009AAC5E /* WMUTE */,
				6586B96E2BE6A8CB009AAC5E /* WMUTE */,
			);
			productName = MVArchitectureDemoTests;
			productReference = 6578B3A32AD4840E0004F2F4 /* MVArchitectureDemoTests.xctest */;
			productType = "com.apple.product-type.bundle.unit-test";
		};
		6578B3AC2AD4840E0004F2F4 /* MVArchitectureDemoUITests */ = {
			isa = PBXNativeTarget;
			buildConfigurationList = 6578B3BD2AD4840E0004F2F4 /* Build configuration list for PBXNativeTarget "MVArchitectureDemoUITests" */;
			buildPhases = (
				6578B3A92AD4840E0004F2F4 /* Sources */,
				6578B3AA2AD4840E0004F2F4 /* Frameworks */,
				6578B3AB2AD4840E0004F2F4 /* Resources */,
			);
			buildRules = (
			);
			dependencies = (
				6578B3AF2AD4840E0004F2F4 /* PBXTargetDependency */,
			);
			name = MVArchitectureDemoUITests;
			productName = MVArchitectureDemoUITests;
			productReference = 6578B3AD2AD4840E0004F2F4 /* MVArchitectureDemoUITests.xctest */;
			productType = "com.apple.product-type.bundle.ui-testing";
		};
/* End PBXNativeTarget section */

/* Begin PBXProject section */
		6578B38A2AD4840D0004F2F4 /* Project object */ = {
			isa = PBXProject;
			attributes = {
				BuildIndependentTargetsInParallel = 1;
				LastSwiftUpdateCheck = 1500;
				LastUpgradeCheck = 1630;
				TargetAttributes = {
					6578B3912AD4840D0004F2F4 = {
						CreatedOnToolsVersion = 15.0;
					};
					6578B3A22AD4840E0004F2F4 = {
						CreatedOnToolsVersion = 15.0;
						TestTargetID = 6578B3912AD4840D0004F2F4;
					};
					6578B3AC2AD4840E0004F2F4 = {
						CreatedOnToolsVersion = 15.0;
						TestTargetID = 6578B3912AD4840D0004F2F4;
					};
				};
			};
			buildConfigurationList = 6578B38D2AD4840D0004F2F4 /* Build configuration list for PBXProject "MVArchitectureDemo" */;
			compatibilityVersion = "Xcode 14.0";
			developmentRegion = en;
			hasScannedForEncodings = 0;
			knownRegions = (
				en,
				Base,
			);
			mainGroup = 6578B3892AD4840D0004F2F4;
			packageReferences = (
				6507835F2BCA943400D0F6EF /* XCRemoteSwiftPackageReference "DIC" */,
				6507836A2BCAC5EA00D0F6EF /* XCRemoteSwiftPackageReference "HTTIES" */,
				6586B96D2BE6A8CB009AAC5E /* XCRemoteSwiftPackageReference "WMUTE" */,
			);
			productRefGroup = 6578B3932AD4840D0004F2F4 /* Products */;
			projectDirPath = "";
			projectRoot = "";
			targets = (
				6578B3912AD4840D0004F2F4 /* MVArchitectureDemo */,
				6578B3A22AD4840E0004F2F4 /* MVArchitectureDemoTests */,
				6578B3AC2AD4840E0004F2F4 /* MVArchitectureDemoUITests */,
			);
		};
/* End PBXProject section */

/* Begin PBXResourcesBuildPhase section */
		6578B3902AD4840D0004F2F4 /* Resources */ = {
			isa = PBXResourcesBuildPhase;
			buildActionMask = 2147483647;
			files = (
				6578B39E2AD4840E0004F2F4 /* Preview Assets.xcassets in Resources */,
				6578B39A2AD4840E0004F2F4 /* Assets.xcassets in Resources */,
			);
			runOnlyForDeploymentPostprocessing = 0;
		};
		6578B3A12AD4840E0004F2F4 /* Resources */ = {
			isa = PBXResourcesBuildPhase;
			buildActionMask = 2147483647;
			files = (
				65F1248C2BE685640010E3FF /* note_update_content_success.json in Resources */,
				65F1248D2BE685640010E3FF /* note_update_name_success.json in Resources */,
				65F1248B2BE685640010E3FF /* note_update_content_name_success.json in Resources */,
				65F1248A2BE685640010E3FF /* notes_failure_500.json in Resources */,
				65F124892BE685640010E3FF /* note_update_content_name_failure_404.json in Resources */,
				65F1248E2BE685640010E3FF /* notes_success.json in Resources */,
			);
			runOnlyForDeploymentPostprocessing = 0;
		};
		6578B3AB2AD4840E0004F2F4 /* Resources */ = {
			isa = PBXResourcesBuildPhase;
			buildActionMask = 2147483647;
			files = (
			);
			runOnlyForDeploymentPostprocessing = 0;
		};
/* End PBXResourcesBuildPhase section */

/* Begin PBXSourcesBuildPhase section */
		6578B38E2AD4840D0004F2F4 /* Sources */ = {
			isa = PBXSourcesBuildPhase;
			buildActionMask = 2147483647;
			files = (
				652305D72B54084000107A1E /* AppServerAvailabilityError.swift in Sources */,
				652305CA2B53F37C00107A1E /* ViewState.swift in Sources */,
				652305E52B5421C300107A1E /* AppNetworkResponseError+LocalizedError.swift in Sources */,
				6555B2612B7FD0D600ED8A8C /* Initiable.swift in Sources */,
				65A4DD5D2E3CE4D800554EB4 /* DI.swift in Sources */,
				6578B3CA2AD48A050004F2F4 /* Note.swift in Sources */,
				652305D32B54065C00107A1E /* ServerAvailabilityManager.swift in Sources */,
				65A4DD4C2E3CD6E200554EB4 /* HTTPURLResponse+Extension.swift in Sources */,
				65A4DD4D2E3CD6E200554EB4 /* RequestLoggerHTTPInterceptor.swift in Sources */,
				65A4DD4E2E3CD6E200554EB4 /* DebugConfig.swift in Sources */,
				65A4DD4F2E3CD6E200554EB4 /* MockHTTPClient.swift in Sources */,
				65A4DD502E3CD6E200554EB4 /* NetworkDelayHTTPInterceptor.swift in Sources */,
				6578B3982AD4840D0004F2F4 /* NotesScreenView.swift in Sources */,
				652305EA2B5422C700107A1E /* Note+Protocols.swift in Sources */,
				652305E72B5421EE00107A1E /* AppNetworkRequestError+LocalizedError.swift in Sources */,
				6578B3962AD4840D0004F2F4 /* MVArchitectureDemoApp.swift in Sources */,
				656EBD452B48A18500043A1A /* DictionaryRepresentable.swift in Sources */,
				6555B2632B7FD0E800ED8A8C /* EmptyProtocol.swift in Sources */,
				654F922B2E3E16D500C3EF4D /* NoteList.swift in Sources */,
				6555B25D2B7FCFEC00ED8A8C /* ViewStateHandler.swift in Sources */,
				65AC83D42AD59B0B0045F183 /* Logger+Utils.swift in Sources */,
				6578B3D02AD49D180004F2F4 /* NotesListView.swift in Sources */,
				6578B3C12AD4876D0004F2F4 /* ServerEnvironment.swift in Sources */,
			);
			runOnlyForDeploymentPostprocessing = 0;
		};
		6578B39F2AD4840E0004F2F4 /* Sources */ = {
			isa = PBXSourcesBuildPhase;
			buildActionMask = 2147483647;
			files = (
				65A4DD612E3CE7EE00554EB4 /* RegisterDependenciesTrait.swift in Sources */,
				6578B3A82AD4840E0004F2F4 /* NoteTests.swift in Sources */,
				6555B2542B7F5FC000ED8A8C /* withStub.swift in Sources */,
			);
			runOnlyForDeploymentPostprocessing = 0;
		};
		6578B3A92AD4840E0004F2F4 /* Sources */ = {
			isa = PBXSourcesBuildPhase;
			buildActionMask = 2147483647;
			files = (
				6578B3B22AD4840E0004F2F4 /* MVArchitectureDemoUITests.swift in Sources */,
				6578B3B42AD4840E0004F2F4 /* MVArchitectureDemoUITestsLaunchTests.swift in Sources */,
				6555B25B2B7FABFB00ED8A8C /* XCTestCase+App.swift in Sources */,
			);
			runOnlyForDeploymentPostprocessing = 0;
		};
/* End PBXSourcesBuildPhase section */

/* Begin PBXTargetDependency section */
		6578B3A52AD4840E0004F2F4 /* PBXTargetDependency */ = {
			isa = PBXTargetDependency;
			target = 6578B3912AD4840D0004F2F4 /* MVArchitectureDemo */;
			targetProxy = 6578B3A42AD4840E0004F2F4 /* PBXContainerItemProxy */;
		};
		6578B3AF2AD4840E0004F2F4 /* PBXTargetDependency */ = {
			isa = PBXTargetDependency;
			target = 6578B3912AD4840D0004F2F4 /* MVArchitectureDemo */;
			targetProxy = 6578B3AE2AD4840E0004F2F4 /* PBXContainerItemProxy */;
		};
/* End PBXTargetDependency section */

/* Begin XCBuildConfiguration section */
		6578B3B52AD4840E0004F2F4 /* Debug */ = {
			isa = XCBuildConfiguration;
			baseConfigurationReference = 652305CC2B53FB7C00107A1E /* Config.xcconfig */;
			buildSettings = {
				ALWAYS_SEARCH_USER_PATHS = NO;
				ASSETCATALOG_COMPILER_GENERATE_SWIFT_ASSET_SYMBOL_EXTENSIONS = YES;
				CLANG_ANALYZER_NONNULL = YES;
				CLANG_ANALYZER_NUMBER_OBJECT_CONVERSION = YES_AGGRESSIVE;
				CLANG_CXX_LANGUAGE_STANDARD = "gnu++20";
				CLANG_ENABLE_MODULES = YES;
				CLANG_ENABLE_OBJC_ARC = YES;
				CLANG_ENABLE_OBJC_WEAK = YES;
				CLANG_WARN_BLOCK_CAPTURE_AUTORELEASING = YES;
				CLANG_WARN_BOOL_CONVERSION = YES;
				CLANG_WARN_COMMA = YES;
				CLANG_WARN_CONSTANT_CONVERSION = YES;
				CLANG_WARN_DEPRECATED_OBJC_IMPLEMENTATIONS = YES;
				CLANG_WARN_DIRECT_OBJC_ISA_USAGE = YES_ERROR;
				CLANG_WARN_DOCUMENTATION_COMMENTS = YES;
				CLANG_WARN_EMPTY_BODY = YES;
				CLANG_WARN_ENUM_CONVERSION = YES;
				CLANG_WARN_INFINITE_RECURSION = YES;
				CLANG_WARN_INT_CONVERSION = YES;
				CLANG_WARN_NON_LITERAL_NULL_CONVERSION = YES;
				CLANG_WARN_OBJC_IMPLICIT_RETAIN_SELF = YES;
				CLANG_WARN_OBJC_LITERAL_CONVERSION = YES;
				CLANG_WARN_OBJC_ROOT_CLASS = YES_ERROR;
				CLANG_WARN_QUOTED_INCLUDE_IN_FRAMEWORK_HEADER = YES;
				CLANG_WARN_RANGE_LOOP_ANALYSIS = YES;
				CLANG_WARN_STRICT_PROTOTYPES = YES;
				CLANG_WARN_SUSPICIOUS_MOVE = YES;
				CLANG_WARN_UNGUARDED_AVAILABILITY = YES_AGGRESSIVE;
				CLANG_WARN_UNREACHABLE_CODE = YES;
				CLANG_WARN__DUPLICATE_METHOD_MATCH = YES;
				COPY_PHASE_STRIP = NO;
				DEAD_CODE_STRIPPING = YES;
				DEBUG_INFORMATION_FORMAT = dwarf;
				DEVELOPMENT_TEAM = PRK6268SLD;
				ENABLE_STRICT_OBJC_MSGSEND = YES;
				ENABLE_TESTABILITY = YES;
				ENABLE_USER_SCRIPT_SANDBOXING = YES;
				GCC_C_LANGUAGE_STANDARD = gnu17;
				GCC_DYNAMIC_NO_PIC = NO;
				GCC_NO_COMMON_BLOCKS = YES;
				GCC_OPTIMIZATION_LEVEL = 0;
				GCC_PREPROCESSOR_DEFINITIONS = (
					"DEBUG=1",
					"$(inherited)",
				);
				GCC_WARN_64_TO_32_BIT_CONVERSION = YES;
				GCC_WARN_ABOUT_RETURN_TYPE = YES_ERROR;
				GCC_WARN_UNDECLARED_SELECTOR = YES;
				GCC_WARN_UNINITIALIZED_AUTOS = YES_AGGRESSIVE;
				GCC_WARN_UNUSED_FUNCTION = YES;
				GCC_WARN_UNUSED_VARIABLE = YES;
				LOCALIZATION_PREFERS_STRING_CATALOGS = YES;
				MTL_ENABLE_DEBUG_INFO = INCLUDE_SOURCE;
				MTL_FAST_MATH = YES;
				ONLY_ACTIVE_ARCH = YES;
				PRODUCT_BUNDLE_IDENTIFIER = "$(PRODUCT_BUNDLE_IDENTIFIER)";
				SWIFT_ACTIVE_COMPILATION_CONDITIONS = "DEBUG $(inherited)";
				SWIFT_OPTIMIZATION_LEVEL = "-Onone";
				SWIFT_VERSION = 6.0;
			};
			name = Debug;
		};
		6578B3B62AD4840E0004F2F4 /* Release */ = {
			isa = XCBuildConfiguration;
			baseConfigurationReference = 652305CC2B53FB7C00107A1E /* Config.xcconfig */;
			buildSettings = {
				ALWAYS_SEARCH_USER_PATHS = NO;
				ASSETCATALOG_COMPILER_GENERATE_SWIFT_ASSET_SYMBOL_EXTENSIONS = YES;
				CLANG_ANALYZER_NONNULL = YES;
				CLANG_ANALYZER_NUMBER_OBJECT_CONVERSION = YES_AGGRESSIVE;
				CLANG_CXX_LANGUAGE_STANDARD = "gnu++20";
				CLANG_ENABLE_MODULES = YES;
				CLANG_ENABLE_OBJC_ARC = YES;
				CLANG_ENABLE_OBJC_WEAK = YES;
				CLANG_WARN_BLOCK_CAPTURE_AUTORELEASING = YES;
				CLANG_WARN_BOOL_CONVERSION = YES;
				CLANG_WARN_COMMA = YES;
				CLANG_WARN_CONSTANT_CONVERSION = YES;
				CLANG_WARN_DEPRECATED_OBJC_IMPLEMENTATIONS = YES;
				CLANG_WARN_DIRECT_OBJC_ISA_USAGE = YES_ERROR;
				CLANG_WARN_DOCUMENTATION_COMMENTS = YES;
				CLANG_WARN_EMPTY_BODY = YES;
				CLANG_WARN_ENUM_CONVERSION = YES;
				CLANG_WARN_INFINITE_RECURSION = YES;
				CLANG_WARN_INT_CONVERSION = YES;
				CLANG_WARN_NON_LITERAL_NULL_CONVERSION = YES;
				CLANG_WARN_OBJC_IMPLICIT_RETAIN_SELF = YES;
				CLANG_WARN_OBJC_LITERAL_CONVERSION = YES;
				CLANG_WARN_OBJC_ROOT_CLASS = YES_ERROR;
				CLANG_WARN_QUOTED_INCLUDE_IN_FRAMEWORK_HEADER = YES;
				CLANG_WARN_RANGE_LOOP_ANALYSIS = YES;
				CLANG_WARN_STRICT_PROTOTYPES = YES;
				CLANG_WARN_SUSPICIOUS_MOVE = YES;
				CLANG_WARN_UNGUARDED_AVAILABILITY = YES_AGGRESSIVE;
				CLANG_WARN_UNREACHABLE_CODE = YES;
				CLANG_WARN__DUPLICATE_METHOD_MATCH = YES;
				COPY_PHASE_STRIP = NO;
				DEAD_CODE_STRIPPING = YES;
				DEBUG_INFORMATION_FORMAT = "dwarf-with-dsym";
				DEVELOPMENT_TEAM = PRK6268SLD;
				ENABLE_NS_ASSERTIONS = NO;
				ENABLE_STRICT_OBJC_MSGSEND = YES;
				ENABLE_USER_SCRIPT_SANDBOXING = YES;
				GCC_C_LANGUAGE_STANDARD = gnu17;
				GCC_NO_COMMON_BLOCKS = YES;
				GCC_WARN_64_TO_32_BIT_CONVERSION = YES;
				GCC_WARN_ABOUT_RETURN_TYPE = YES_ERROR;
				GCC_WARN_UNDECLARED_SELECTOR = YES;
				GCC_WARN_UNINITIALIZED_AUTOS = YES_AGGRESSIVE;
				GCC_WARN_UNUSED_FUNCTION = YES;
				GCC_WARN_UNUSED_VARIABLE = YES;
				LOCALIZATION_PREFERS_STRING_CATALOGS = YES;
				MTL_ENABLE_DEBUG_INFO = NO;
				MTL_FAST_MATH = YES;
				PRODUCT_BUNDLE_IDENTIFIER = "$(PRODUCT_BUNDLE_IDENTIFIER)";
				SWIFT_COMPILATION_MODE = wholemodule;
				SWIFT_VERSION = 6.0;
			};
			name = Release;
		};
		6578B3B82AD4840E0004F2F4 /* Debug */ = {
			isa = XCBuildConfiguration;
			baseConfigurationReference = 652305CC2B53FB7C00107A1E /* Config.xcconfig */;
			buildSettings = {
				ASSETCATALOG_COMPILER_APPICON_NAME = AppIcon;
				ASSETCATALOG_COMPILER_GLOBAL_ACCENT_COLOR_NAME = AccentColor;
				CODE_SIGN_ENTITLEMENTS = MVArchitectureDemo/MVArchitectureDemo.entitlements;
				CODE_SIGN_STYLE = Automatic;
				CURRENT_PROJECT_VERSION = 1;
				DEAD_CODE_STRIPPING = YES;
				DEVELOPMENT_ASSET_PATHS = "MVArchitectureDemo/Preview\\ Content";
				ENABLE_HARDENED_RUNTIME = YES;
				ENABLE_PREVIEWS = YES;
				GENERATE_INFOPLIST_FILE = YES;
				"INFOPLIST_KEY_UIApplicationSceneManifest_Generation[sdk=iphoneos*]" = YES;
				"INFOPLIST_KEY_UIApplicationSceneManifest_Generation[sdk=iphonesimulator*]" = YES;
				"INFOPLIST_KEY_UIApplicationSupportsIndirectInputEvents[sdk=iphoneos*]" = YES;
				"INFOPLIST_KEY_UIApplicationSupportsIndirectInputEvents[sdk=iphonesimulator*]" = YES;
				"INFOPLIST_KEY_UILaunchScreen_Generation[sdk=iphoneos*]" = YES;
				"INFOPLIST_KEY_UILaunchScreen_Generation[sdk=iphonesimulator*]" = YES;
				"INFOPLIST_KEY_UIStatusBarStyle[sdk=iphoneos*]" = UIStatusBarStyleDefault;
				"INFOPLIST_KEY_UIStatusBarStyle[sdk=iphonesimulator*]" = UIStatusBarStyleDefault;
				INFOPLIST_KEY_UISupportedInterfaceOrientations_iPad = "UIInterfaceOrientationPortrait UIInterfaceOrientationPortraitUpsideDown UIInterfaceOrientationLandscapeLeft UIInterfaceOrientationLandscapeRight";
				INFOPLIST_KEY_UISupportedInterfaceOrientations_iPhone = "UIInterfaceOrientationPortrait UIInterfaceOrientationLandscapeLeft UIInterfaceOrientationLandscapeRight";
				IPHONEOS_DEPLOYMENT_TARGET = 17.0;
				LD_RUNPATH_SEARCH_PATHS = "@executable_path/Frameworks";
				"LD_RUNPATH_SEARCH_PATHS[sdk=macosx*]" = "@executable_path/../Frameworks";
				MACOSX_DEPLOYMENT_TARGET = 14.0;
				MARKETING_VERSION = 1.0;
				PRODUCT_NAME = "$(TARGET_NAME)";
				SDKROOT = auto;
				SUPPORTED_PLATFORMS = "iphoneos iphonesimulator macosx";
				SWIFT_EMIT_LOC_STRINGS = YES;
				TARGETED_DEVICE_FAMILY = "1,2";
			};
			name = Debug;
		};
		6578B3B92AD4840E0004F2F4 /* Release */ = {
			isa = XCBuildConfiguration;
			baseConfigurationReference = 652305CC2B53FB7C00107A1E /* Config.xcconfig */;
			buildSettings = {
				ASSETCATALOG_COMPILER_APPICON_NAME = AppIcon;
				ASSETCATALOG_COMPILER_GLOBAL_ACCENT_COLOR_NAME = AccentColor;
				CODE_SIGN_ENTITLEMENTS = MVArchitectureDemo/MVArchitectureDemo.entitlements;
				CODE_SIGN_STYLE = Automatic;
				CURRENT_PROJECT_VERSION = 1;
				DEAD_CODE_STRIPPING = YES;
				DEVELOPMENT_ASSET_PATHS = "MVArchitectureDemo/Preview\\ Content";
				ENABLE_HARDENED_RUNTIME = YES;
				ENABLE_PREVIEWS = YES;
				GENERATE_INFOPLIST_FILE = YES;
				"INFOPLIST_KEY_UIApplicationSceneManifest_Generation[sdk=iphoneos*]" = YES;
				"INFOPLIST_KEY_UIApplicationSceneManifest_Generation[sdk=iphonesimulator*]" = YES;
				"INFOPLIST_KEY_UIApplicationSupportsIndirectInputEvents[sdk=iphoneos*]" = YES;
				"INFOPLIST_KEY_UIApplicationSupportsIndirectInputEvents[sdk=iphonesimulator*]" = YES;
				"INFOPLIST_KEY_UILaunchScreen_Generation[sdk=iphoneos*]" = YES;
				"INFOPLIST_KEY_UILaunchScreen_Generation[sdk=iphonesimulator*]" = YES;
				"INFOPLIST_KEY_UIStatusBarStyle[sdk=iphoneos*]" = UIStatusBarStyleDefault;
				"INFOPLIST_KEY_UIStatusBarStyle[sdk=iphonesimulator*]" = UIStatusBarStyleDefault;
				INFOPLIST_KEY_UISupportedInterfaceOrientations_iPad = "UIInterfaceOrientationPortrait UIInterfaceOrientationPortraitUpsideDown UIInterfaceOrientationLandscapeLeft UIInterfaceOrientationLandscapeRight";
				INFOPLIST_KEY_UISupportedInterfaceOrientations_iPhone = "UIInterfaceOrientationPortrait UIInterfaceOrientationLandscapeLeft UIInterfaceOrientationLandscapeRight";
				IPHONEOS_DEPLOYMENT_TARGET = 17.0;
				LD_RUNPATH_SEARCH_PATHS = "@executable_path/Frameworks";
				"LD_RUNPATH_SEARCH_PATHS[sdk=macosx*]" = "@executable_path/../Frameworks";
				MACOSX_DEPLOYMENT_TARGET = 14.0;
				MARKETING_VERSION = 1.0;
				PRODUCT_NAME = "$(TARGET_NAME)";
				SDKROOT = auto;
				SUPPORTED_PLATFORMS = "iphoneos iphonesimulator macosx";
				SWIFT_EMIT_LOC_STRINGS = YES;
				TARGETED_DEVICE_FAMILY = "1,2";
			};
			name = Release;
		};
		6578B3BB2AD4840E0004F2F4 /* Debug */ = {
			isa = XCBuildConfiguration;
			baseConfigurationReference = 652305CC2B53FB7C00107A1E /* Config.xcconfig */;
			buildSettings = {
				BUNDLE_LOADER = "$(TEST_HOST)";
				CODE_SIGN_STYLE = Automatic;
				CURRENT_PROJECT_VERSION = 1;
				DEAD_CODE_STRIPPING = YES;
				GENERATE_INFOPLIST_FILE = YES;
				IPHONEOS_DEPLOYMENT_TARGET = 17.0;
				MACOSX_DEPLOYMENT_TARGET = 14.0;
				MARKETING_VERSION = 1.0;
				PRODUCT_BUNDLE_IDENTIFIER = "$(TESTS_PRODUCT_BUNDLE_IDENTIFIER)";
				PRODUCT_NAME = "$(TARGET_NAME)";
				SDKROOT = auto;
				SUPPORTED_PLATFORMS = "iphoneos iphonesimulator macosx";
				SWIFT_EMIT_LOC_STRINGS = NO;
				TARGETED_DEVICE_FAMILY = "1,2";
				TEST_HOST = "$(BUILT_PRODUCTS_DIR)/MVArchitectureDemo.app/$(BUNDLE_EXECUTABLE_FOLDER_PATH)/MVArchitectureDemo";
			};
			name = Debug;
		};
		6578B3BC2AD4840E0004F2F4 /* Release */ = {
			isa = XCBuildConfiguration;
			baseConfigurationReference = 652305CC2B53FB7C00107A1E /* Config.xcconfig */;
			buildSettings = {
				BUNDLE_LOADER = "$(TEST_HOST)";
				CODE_SIGN_STYLE = Automatic;
				CURRENT_PROJECT_VERSION = 1;
				DEAD_CODE_STRIPPING = YES;
				GENERATE_INFOPLIST_FILE = YES;
				IPHONEOS_DEPLOYMENT_TARGET = 17.0;
				MACOSX_DEPLOYMENT_TARGET = 14.0;
				MARKETING_VERSION = 1.0;
				PRODUCT_BUNDLE_IDENTIFIER = "$(TESTS_PRODUCT_BUNDLE_IDENTIFIER)";
				PRODUCT_NAME = "$(TARGET_NAME)";
				SDKROOT = auto;
				SUPPORTED_PLATFORMS = "iphoneos iphonesimulator macosx";
				SWIFT_EMIT_LOC_STRINGS = NO;
				TARGETED_DEVICE_FAMILY = "1,2";
				TEST_HOST = "$(BUILT_PRODUCTS_DIR)/MVArchitectureDemo.app/$(BUNDLE_EXECUTABLE_FOLDER_PATH)/MVArchitectureDemo";
			};
			name = Release;
		};
		6578B3BE2AD4840E0004F2F4 /* Debug */ = {
			isa = XCBuildConfiguration;
			baseConfigurationReference = 652305CC2B53FB7C00107A1E /* Config.xcconfig */;
			buildSettings = {
				CODE_SIGN_STYLE = Automatic;
				CURRENT_PROJECT_VERSION = 1;
				DEAD_CODE_STRIPPING = YES;
				GENERATE_INFOPLIST_FILE = YES;
				IPHONEOS_DEPLOYMENT_TARGET = 17.0;
				MACOSX_DEPLOYMENT_TARGET = 14.0;
				MARKETING_VERSION = 1.0;
				PRODUCT_BUNDLE_IDENTIFIER = "$(UI_TESTS_PRODUCT_BUNDLE_IDENTIFIER)";
				PRODUCT_NAME = "$(TARGET_NAME)";
				SDKROOT = auto;
				SUPPORTED_PLATFORMS = "iphoneos iphonesimulator macosx";
				SWIFT_EMIT_LOC_STRINGS = NO;
				TARGETED_DEVICE_FAMILY = "1,2";
				TEST_TARGET_NAME = MVArchitectureDemo;
			};
			name = Debug;
		};
		6578B3BF2AD4840E0004F2F4 /* Release */ = {
			isa = XCBuildConfiguration;
			baseConfigurationReference = 652305CC2B53FB7C00107A1E /* Config.xcconfig */;
			buildSettings = {
				CODE_SIGN_STYLE = Automatic;
				CURRENT_PROJECT_VERSION = 1;
				DEAD_CODE_STRIPPING = YES;
				GENERATE_INFOPLIST_FILE = YES;
				IPHONEOS_DEPLOYMENT_TARGET = 17.0;
				MACOSX_DEPLOYMENT_TARGET = 14.0;
				MARKETING_VERSION = 1.0;
				PRODUCT_BUNDLE_IDENTIFIER = "$(UI_TESTS_PRODUCT_BUNDLE_IDENTIFIER)";
				PRODUCT_NAME = "$(TARGET_NAME)";
				SDKROOT = auto;
				SUPPORTED_PLATFORMS = "iphoneos iphonesimulator macosx";
				SWIFT_EMIT_LOC_STRINGS = NO;
				TARGETED_DEVICE_FAMILY = "1,2";
				TEST_TARGET_NAME = MVArchitectureDemo;
			};
			name = Release;
		};
/* End XCBuildConfiguration section */

/* Begin XCConfigurationList section */
		6578B38D2AD4840D0004F2F4 /* Build configuration list for PBXProject "MVArchitectureDemo" */ = {
			isa = XCConfigurationList;
			buildConfigurations = (
				6578B3B52AD4840E0004F2F4 /* Debug */,
				6578B3B62AD4840E0004F2F4 /* Release */,
			);
			defaultConfigurationIsVisible = 0;
			defaultConfigurationName = Release;
		};
		6578B3B72AD4840E0004F2F4 /* Build configuration list for PBXNativeTarget "MVArchitectureDemo" */ = {
			isa = XCConfigurationList;
			buildConfigurations = (
				6578B3B82AD4840E0004F2F4 /* Debug */,
				6578B3B92AD4840E0004F2F4 /* Release */,
			);
			defaultConfigurationIsVisible = 0;
			defaultConfigurationName = Release;
		};
		6578B3BA2AD4840E0004F2F4 /* Build configuration list for PBXNativeTarget "MVArchitectureDemoTests" */ = {
			isa = XCConfigurationList;
			buildConfigurations = (
				6578B3BB2AD4840E0004F2F4 /* Debug */,
				6578B3BC2AD4840E0004F2F4 /* Release */,
			);
			defaultConfigurationIsVisible = 0;
			defaultConfigurationName = Release;
		};
		6578B3BD2AD4840E0004F2F4 /* Build configuration list for PBXNativeTarget "MVArchitectureDemoUITests" */ = {
			isa = XCConfigurationList;
			buildConfigurations = (
				6578B3BE2AD4840E0004F2F4 /* Debug */,
				6578B3BF2AD4840E0004F2F4 /* Release */,
			);
			defaultConfigurationIsVisible = 0;
			defaultConfigurationName = Release;
		};
/* End XCConfigurationList section */

/* Begin XCRemoteSwiftPackageReference section */
		6507835F2BCA943400D0F6EF /* XCRemoteSwiftPackageReference "DIC" */ = {
			isa = XCRemoteSwiftPackageReference;
			repositoryURL = "https://github.com/illescasDaniel/DIC";
			requirement = {
				kind = upToNextMajorVersion;
				minimumVersion = 1.4.2;
			};
		};
		6507836A2BCAC5EA00D0F6EF /* XCRemoteSwiftPackageReference "HTTIES" */ = {
			isa = XCRemoteSwiftPackageReference;
			repositoryURL = "https://github.com/illescasDaniel/HTTIES";
			requirement = {
				kind = upToNextMajorVersion;
				minimumVersion = 1.2.0;
			};
		};
		6586B96D2BE6A8CB009AAC5E /* XCRemoteSwiftPackageReference "WMUTE" */ = {
			isa = XCRemoteSwiftPackageReference;
			repositoryURL = "https://github.com/illescasDaniel/WMUTE";
			requirement = {
				kind = upToNextMajorVersion;
				minimumVersion = 1.1.0;
			};
		};
/* End XCRemoteSwiftPackageReference section */

/* Begin XCSwiftPackageProductDependency section */
		650783602BCA943400D0F6EF /* DIC */ = {
			isa = XCSwiftPackageProductDependency;
			package = 6507835F2BCA943400D0F6EF /* XCRemoteSwiftPackageReference "DIC" */;
			productName = DIC;
		};
		650783662BCAA70200D0F6EF /* HTTIES */ = {
			isa = XCSwiftPackageProductDependency;
			productName = HTTIES;
		};
		6507836B2BCAC5EA00D0F6EF /* HTTIES */ = {
			isa = XCSwiftPackageProductDependency;
			package = 6507836A2BCAC5EA00D0F6EF /* XCRemoteSwiftPackageReference "HTTIES" */;
			productName = HTTIES;
		};
		6586B96B2BE6892B009AAC5E /* WMUTE */ = {
			isa = XCSwiftPackageProductDependency;
			productName = WMUTE;
		};
		6586B96E2BE6A8CB009AAC5E /* WMUTE */ = {
			isa = XCSwiftPackageProductDependency;
			package = 6586B96D2BE6A8CB009AAC5E /* XCRemoteSwiftPackageReference "WMUTE" */;
			productName = WMUTE;
		};
/* End XCSwiftPackageProductDependency section */
	};
	rootObject = 6578B38A2AD4840D0004F2F4 /* Project object */;
}
