{
  "originHash" : "9253d3368ba228a36542a4e4cbe6f25bf428947521a9b4de8cea1baf0a2a4d85",
  "pins" : [
    {
      "identity" : "dic",
      "kind" : "remoteSourceControl",
      "location" : "https://github.com/illescasDaniel/DIC",
      "state" : {
        "branch" : "main",
        "revision" : "902870c2251bb9148114e767dbc22d5d00f556b4"
      }
    },
    {
      "identity" : "htties",
      "kind" : "remoteSourceControl",
      "location" : "https://github.com/illescasDaniel/HTTIES",
      "state" : {
        "branch" : "main",
        "revision" : "a79134436200d0168944fe1e395861a9f22869c2"
      }
    },
    {
      "identity" : "wmute",
      "kind" : "remoteSourceControl",
      "location" : "https://github.com/illescasDaniel/WMUTE",
      "state" : {
        "revision" : "2ac9bee70557b9e44a1ae2e8c59a1098b7909b62",
        "version" : "1.1.0"
      }
    }
  ],
  "version" : 3
}
