{
  "originHash" : "5513ec0eb277b9afe9d1e305d69d80c981a4a6905ed6309b34c787247263a4b1",
  "pins" : [
    {
      "identity" : "dic",
      "kind" : "remoteSourceControl",
      "location" : "git@github.com:illescasDaniel/DIC.git",
      "state" : {
        "revision" : "183b7a5bbbd818bbc65d5bbdc097c51b0e10a230",
        "version" : "1.3.1"
      }
    }
  ],
  "version" : 3
}
