{
  "originHash" : "8ff3efcf84c2565d943ddd49e5031f0e692b1c23d206edc18133c41603da6c05",
  "pins" : [
    {
      "identity" : "dic",
      "kind" : "remoteSourceControl",
      "location" : "https://github.com/illescasDaniel/DIC",
      "state" : {
        "revision" : "183b7a5bbbd818bbc65d5bbdc097c51b0e10a230",
        "version" : "1.3.1"
      }
    },
    {
      "identity" : "htties",
      "kind" : "remoteSourceControl",
      "location" : "https://github.com/illescasDaniel/HTTIES",
      "state" : {
        "revision" : "dda153d70da9233ed6cd5e8f250f767a0d582b90",
        "version" : "1.0.2"
      }
    }
  ],
  "version" : 3
}
